
Microsoft Visual Studio Solution File, Format Version 12.00
# Visual Studio 2017
Project("{FAE04EC0-301F-11D3-BF4B-00C04F79EFBC}") = "GACSource", "GACSource.csproj", "{87522FDE-BBE5-727E-9CBA-7443D7179CE8}"
EndProject
Project("{FAE04EC0-301F-11D3-BF4B-00C04F79EFBC}") = "GACSource.Editor", "GACSource.Editor.csproj", "{080150A4-6FFF-5AB1-4EE5-3EC309E68374}"
EndProject
Global
	GlobalSection(SolutionConfigurationPlatforms) = preSolution
		Debug|Any CPU = Debug|Any CPU
		Release|Any CPU = Release|Any CPU
	EndGlobalSection
	GlobalSection(ProjectConfigurationPlatforms) = postSolution
		{87522FDE-BBE5-727E-9CBA-7443D7179CE8}.Debug|Any CPU.ActiveCfg = Debug|Any CPU
		{87522FDE-BBE5-727E-9CBA-7443D7179CE8}.Debug|Any CPU.Build.0 = Debug|Any CPU
		{87522FDE-BBE5-727E-9CBA-7443D7179CE8}.Release|Any CPU.ActiveCfg = Release|Any CPU
		{87522FDE-BBE5-727E-9CBA-7443D7179CE8}.Release|Any CPU.Build.0 = Release|Any CPU
		{080150A4-6FFF-5AB1-4EE5-3EC309E68374}.Debug|Any CPU.ActiveCfg = Debug|Any CPU
		{080150A4-6FFF-5AB1-4EE5-3EC309E68374}.Debug|Any CPU.Build.0 = Debug|Any CPU
		{080150A4-6FFF-5AB1-4EE5-3EC309E68374}.Release|Any CPU.ActiveCfg = Release|Any CPU
		{080150A4-6FFF-5AB1-4EE5-3EC309E68374}.Release|Any CPU.Build.0 = Release|Any CPU
	EndGlobalSection
	GlobalSection(SolutionProperties) = preSolution
		HideSolutionNode = FALSE
	EndGlobalSection
EndGlobal
