
Microsoft Visual Studio Solution File, Format Version 12.00
# Visual Studio 2017
Project("{FAE04EC0-301F-11D3-BF4B-00C04F79EFBC}") = "Turn", "Turn.csproj", "{B061BC88-03EC-1831-7F44-F346459022AB}"
EndProject
Project("{FAE04EC0-301F-11D3-BF4B-00C04F79EFBC}") = "Turn.Editor", "Turn.Editor.csproj", "{8651E8DA-0E1F-6B56-CACC-BCD43224D7DA}"
EndProject
Global
	GlobalSection(SolutionConfigurationPlatforms) = preSolution
		Debug|Any CPU = Debug|Any CPU
		Release|Any CPU = Release|Any CPU
	EndGlobalSection
	GlobalSection(ProjectConfigurationPlatforms) = postSolution
		{B061BC88-03EC-1831-7F44-F346459022AB}.Debug|Any CPU.ActiveCfg = Debug|Any CPU
		{B061BC88-03EC-1831-7F44-F346459022AB}.Debug|Any CPU.Build.0 = Debug|Any CPU
		{B061BC88-03EC-1831-7F44-F346459022AB}.Release|Any CPU.ActiveCfg = Release|Any CPU
		{B061BC88-03EC-1831-7F44-F346459022AB}.Release|Any CPU.Build.0 = Release|Any CPU
		{8651E8DA-0E1F-6B56-CACC-BCD43224D7DA}.Debug|Any CPU.ActiveCfg = Debug|Any CPU
		{8651E8DA-0E1F-6B56-CACC-BCD43224D7DA}.Debug|Any CPU.Build.0 = Debug|Any CPU
		{8651E8DA-0E1F-6B56-CACC-BCD43224D7DA}.Release|Any CPU.ActiveCfg = Release|Any CPU
		{8651E8DA-0E1F-6B56-CACC-BCD43224D7DA}.Release|Any CPU.Build.0 = Release|Any CPU
	EndGlobalSection
	GlobalSection(SolutionProperties) = preSolution
		HideSolutionNode = FALSE
	EndGlobalSection
EndGlobal
